
Microsoft Visual Studio Solution File, Format Version 12.00
# Visual Studio Version 17
VisualStudioVersion = 17.6.33723.286
MinimumVisualStudioVersion = 10.0.40219.1
Project("{9A19103F-16F7-4668-BE54-9A1E7A4F7556}") = "EasyPlc.SqlSugar", "EasyPlc.SqlSugar\EasyPlc.SqlSugar.csproj", "{F0360AF0-F456-429A-BA1D-81DBAC6C1B89}"
EndProject
Project("{9A19103F-16F7-4668-BE54-9A1E7A4F7556}") = "EasyPlc.Core", "EasyPlc.Core\EasyPlc.Core.csproj", "{FEEE84C7-F17D-4882-8B0A-505240AB689E}"
EndProject
Project("{9A19103F-16F7-4668-BE54-9A1E7A4F7556}") = "EasyPlc.System", "EasyPlc.System\EasyPlc.System.csproj", "{8A0D65A2-105D-4FA8-AF65-6F5000B89EAE}"
EndProject
Project("{9A19103F-16F7-4668-BE54-9A1E7A4F7556}") = "EasyPlc.Cache", "EasyPlc.Cache\EasyPlc.Cache.csproj", "{BF06B668-DCD2-412A-B860-3487A56D358D}"
EndProject
Project("{2150E333-8FDC-42A3-9474-1A3956D46DE8}") = "应用服务", "应用服务", "{600FE45D-B217-42BB-ADD5-F180B34DC93C}"
EndProject
Project("{2150E333-8FDC-42A3-9474-1A3956D46DE8}") = "业务模块", "业务模块", "{D9F243E0-18DD-48E2-9E4C-7097E484375D}"
EndProject
Project("{2150E333-8FDC-42A3-9474-1A3956D46DE8}") = "架构核心", "架构核心", "{FC07ECB5-431A-44EF-B02B-AD0CE527290C}"
EndProject
Project("{2150E333-8FDC-42A3-9474-1A3956D46DE8}") = "系统插件", "系统插件", "{600C403F-FE4F-4DB2-9C7B-2319A81BBD12}"
EndProject
Project("{2150E333-8FDC-42A3-9474-1A3956D46DE8}") = "核心插件", "核心插件", "{FBFD0A82-DE22-49A7-9C6F-7EE73ED16C7C}"
EndProject
Project("{9A19103F-16F7-4668-BE54-9A1E7A4F7556}") = "EasyPlc.Plugin.Aop", "EasyPlc.Plugin.Aop\EasyPlc.Plugin.Aop.csproj", "{18E86640-BADD-45C4-8E69-695B801BFCBE}"
EndProject
Project("{9A19103F-16F7-4668-BE54-9A1E7A4F7556}") = "EasyPlc.Plugin.Core", "EasyPlc.Plugin.Core\EasyPlc.Plugin.Core.csproj", "{B1BD1ED1-7F5B-46E7-9888-673322114895}"
EndProject
Project("{2150E333-8FDC-42A3-9474-1A3956D46DE8}") = "系统模块", "系统模块", "{7A31BE28-E7FF-49F0-9E37-3BEDD022228D}"
EndProject
Project("{9A19103F-16F7-4668-BE54-9A1E7A4F7556}") = "EasyPlc.Plugin.Mqtt", "EasyPlc.Plugin.Mqtt\EasyPlc.Plugin.Mqtt.csproj", "{0E77EF8D-7ACA-4F26-9191-00A175D5437D}"
EndProject
Project("{9A19103F-16F7-4668-BE54-9A1E7A4F7556}") = "EasyPlc.Plugin.SignalR", "EasyPlc.Plugin.SignalR\EasyPlc.Plugin.SignalR.csproj", "{C5B3C17E-DF22-4A14-A234-7B1275F68FE0}"
EndProject
Project("{9A19103F-16F7-4668-BE54-9A1E7A4F7556}") = "EasyPlc.Plugin.Plc", "EasyPlc.Plugin.Plc\EasyPlc.Plugin.Plc.csproj", "{252031BD-DB93-49C4-A7DF-9024CB65A39B}"
EndProject
Project("{9A19103F-16F7-4668-BE54-9A1E7A4F7556}") = "EasyPlc.Plugin.Gen", "EasyPlc.Plugin.Gen\EasyPlc.Plugin.Gen.csproj", "{B7868A81-EC80-41C0-9FBB-6C91DEE2D9FD}"
EndProject
Project("{9A19103F-16F7-4668-BE54-9A1E7A4F7556}") = "EasyPlc.Plugin.SygoleRFID", "EasyPlc.Plugin.SygoleRFID\EasyPlc.Plugin.SygoleRFID.csproj", "{D69DD48B-5E3E-4361-A430-DA490732FE13}"
EndProject
Project("{9A19103F-16F7-4668-BE54-9A1E7A4F7556}") = "EasyPlc.Plugin.ScrewGun", "EasyPlc.Plugin.ScrewGun\EasyPlc.Plugin.ScrewGun.csproj", "{4119936D-1E44-49BF-A679-AEF937A8F260}"
EndProject
Project("{9A19103F-16F7-4668-BE54-9A1E7A4F7556}") = "EasyPlc.Plugin.Scan", "EasyPlc.Plugin.NewlandScan\EasyPlc.Plugin.Scan.csproj", "{E06B4EEC-C0B9-4671-95BA-287DBC910C53}"
EndProject
Project("{9A19103F-16F7-4668-BE54-9A1E7A4F7556}") = "EasyPlc.Web.Core", "EasyPlc.Web.Core\EasyPlc.Web.Core.csproj", "{BA6285D0-91E7-406A-A6FD-8658EE67A36B}"
EndProject
Project("{FAE04EC0-301F-11D3-BF4B-00C04F79EFBC}") = "EasyPlc.Web.Entry", "EasyPlc.Web.Entry\EasyPlc.Web.Entry.csproj", "{6CF9FBDB-81E5-4EDC-8491-AC9DC8ECE5E5}"
EndProject
Project("{FAE04EC0-301F-11D3-BF4B-00C04F79EFBC}") = "EasyPlc.Application", "EasyPlc.Application\EasyPlc.Application.csproj", "{FDD20A64-BF26-42E8-94B9-6D7597B57C0B}"
EndProject
Global
	GlobalSection(SolutionConfigurationPlatforms) = preSolution
		Debug|Any CPU = Debug|Any CPU
		Release|Any CPU = Release|Any CPU
	EndGlobalSection
	GlobalSection(ProjectConfigurationPlatforms) = postSolution
		{F0360AF0-F456-429A-BA1D-81DBAC6C1B89}.Debug|Any CPU.ActiveCfg = Debug|Any CPU
		{F0360AF0-F456-429A-BA1D-81DBAC6C1B89}.Debug|Any CPU.Build.0 = Debug|Any CPU
		{F0360AF0-F456-429A-BA1D-81DBAC6C1B89}.Release|Any CPU.ActiveCfg = Release|Any CPU
		{F0360AF0-F456-429A-BA1D-81DBAC6C1B89}.Release|Any CPU.Build.0 = Release|Any CPU
		{FEEE84C7-F17D-4882-8B0A-505240AB689E}.Debug|Any CPU.ActiveCfg = Debug|Any CPU
		{FEEE84C7-F17D-4882-8B0A-505240AB689E}.Debug|Any CPU.Build.0 = Debug|Any CPU
		{FEEE84C7-F17D-4882-8B0A-505240AB689E}.Release|Any CPU.ActiveCfg = Release|Any CPU
		{FEEE84C7-F17D-4882-8B0A-505240AB689E}.Release|Any CPU.Build.0 = Release|Any CPU
		{8A0D65A2-105D-4FA8-AF65-6F5000B89EAE}.Debug|Any CPU.ActiveCfg = Debug|Any CPU
		{8A0D65A2-105D-4FA8-AF65-6F5000B89EAE}.Debug|Any CPU.Build.0 = Debug|Any CPU
		{8A0D65A2-105D-4FA8-AF65-6F5000B89EAE}.Release|Any CPU.ActiveCfg = Release|Any CPU
		{8A0D65A2-105D-4FA8-AF65-6F5000B89EAE}.Release|Any CPU.Build.0 = Release|Any CPU
		{BF06B668-DCD2-412A-B860-3487A56D358D}.Debug|Any CPU.ActiveCfg = Debug|Any CPU
		{BF06B668-DCD2-412A-B860-3487A56D358D}.Debug|Any CPU.Build.0 = Debug|Any CPU
		{BF06B668-DCD2-412A-B860-3487A56D358D}.Release|Any CPU.ActiveCfg = Release|Any CPU
		{BF06B668-DCD2-412A-B860-3487A56D358D}.Release|Any CPU.Build.0 = Release|Any CPU
		{18E86640-BADD-45C4-8E69-695B801BFCBE}.Debug|Any CPU.ActiveCfg = Debug|Any CPU
		{18E86640-BADD-45C4-8E69-695B801BFCBE}.Debug|Any CPU.Build.0 = Debug|Any CPU
		{18E86640-BADD-45C4-8E69-695B801BFCBE}.Release|Any CPU.ActiveCfg = Release|Any CPU
		{18E86640-BADD-45C4-8E69-695B801BFCBE}.Release|Any CPU.Build.0 = Release|Any CPU
		{B1BD1ED1-7F5B-46E7-9888-673322114895}.Debug|Any CPU.ActiveCfg = Debug|Any CPU
		{B1BD1ED1-7F5B-46E7-9888-673322114895}.Debug|Any CPU.Build.0 = Debug|Any CPU
		{B1BD1ED1-7F5B-46E7-9888-673322114895}.Release|Any CPU.ActiveCfg = Release|Any CPU
		{B1BD1ED1-7F5B-46E7-9888-673322114895}.Release|Any CPU.Build.0 = Release|Any CPU
		{0E77EF8D-7ACA-4F26-9191-00A175D5437D}.Debug|Any CPU.ActiveCfg = Debug|Any CPU
		{0E77EF8D-7ACA-4F26-9191-00A175D5437D}.Debug|Any CPU.Build.0 = Debug|Any CPU
		{0E77EF8D-7ACA-4F26-9191-00A175D5437D}.Release|Any CPU.ActiveCfg = Release|Any CPU
		{0E77EF8D-7ACA-4F26-9191-00A175D5437D}.Release|Any CPU.Build.0 = Release|Any CPU
		{C5B3C17E-DF22-4A14-A234-7B1275F68FE0}.Debug|Any CPU.ActiveCfg = Debug|Any CPU
		{C5B3C17E-DF22-4A14-A234-7B1275F68FE0}.Debug|Any CPU.Build.0 = Debug|Any CPU
		{C5B3C17E-DF22-4A14-A234-7B1275F68FE0}.Release|Any CPU.ActiveCfg = Release|Any CPU
		{C5B3C17E-DF22-4A14-A234-7B1275F68FE0}.Release|Any CPU.Build.0 = Release|Any CPU
		{252031BD-DB93-49C4-A7DF-9024CB65A39B}.Debug|Any CPU.ActiveCfg = Debug|Any CPU
		{252031BD-DB93-49C4-A7DF-9024CB65A39B}.Debug|Any CPU.Build.0 = Debug|Any CPU
		{252031BD-DB93-49C4-A7DF-9024CB65A39B}.Release|Any CPU.ActiveCfg = Release|Any CPU
		{252031BD-DB93-49C4-A7DF-9024CB65A39B}.Release|Any CPU.Build.0 = Release|Any CPU
		{B7868A81-EC80-41C0-9FBB-6C91DEE2D9FD}.Debug|Any CPU.ActiveCfg = Debug|Any CPU
		{B7868A81-EC80-41C0-9FBB-6C91DEE2D9FD}.Debug|Any CPU.Build.0 = Debug|Any CPU
		{B7868A81-EC80-41C0-9FBB-6C91DEE2D9FD}.Release|Any CPU.ActiveCfg = Release|Any CPU
		{B7868A81-EC80-41C0-9FBB-6C91DEE2D9FD}.Release|Any CPU.Build.0 = Release|Any CPU
		{D69DD48B-5E3E-4361-A430-DA490732FE13}.Debug|Any CPU.ActiveCfg = Debug|Any CPU
		{D69DD48B-5E3E-4361-A430-DA490732FE13}.Debug|Any CPU.Build.0 = Debug|Any CPU
		{D69DD48B-5E3E-4361-A430-DA490732FE13}.Release|Any CPU.ActiveCfg = Release|Any CPU
		{D69DD48B-5E3E-4361-A430-DA490732FE13}.Release|Any CPU.Build.0 = Release|Any CPU
		{4119936D-1E44-49BF-A679-AEF937A8F260}.Debug|Any CPU.ActiveCfg = Debug|Any CPU
		{4119936D-1E44-49BF-A679-AEF937A8F260}.Debug|Any CPU.Build.0 = Debug|Any CPU
		{4119936D-1E44-49BF-A679-AEF937A8F260}.Release|Any CPU.ActiveCfg = Release|Any CPU
		{4119936D-1E44-49BF-A679-AEF937A8F260}.Release|Any CPU.Build.0 = Release|Any CPU
		{E06B4EEC-C0B9-4671-95BA-287DBC910C53}.Debug|Any CPU.ActiveCfg = Debug|Any CPU
		{E06B4EEC-C0B9-4671-95BA-287DBC910C53}.Debug|Any CPU.Build.0 = Debug|Any CPU
		{E06B4EEC-C0B9-4671-95BA-287DBC910C53}.Release|Any CPU.ActiveCfg = Release|Any CPU
		{E06B4EEC-C0B9-4671-95BA-287DBC910C53}.Release|Any CPU.Build.0 = Release|Any CPU
		{BA6285D0-91E7-406A-A6FD-8658EE67A36B}.Debug|Any CPU.ActiveCfg = Debug|Any CPU
		{BA6285D0-91E7-406A-A6FD-8658EE67A36B}.Debug|Any CPU.Build.0 = Debug|Any CPU
		{BA6285D0-91E7-406A-A6FD-8658EE67A36B}.Release|Any CPU.ActiveCfg = Release|Any CPU
		{BA6285D0-91E7-406A-A6FD-8658EE67A36B}.Release|Any CPU.Build.0 = Release|Any CPU
		{6CF9FBDB-81E5-4EDC-8491-AC9DC8ECE5E5}.Debug|Any CPU.ActiveCfg = Debug|Any CPU
		{6CF9FBDB-81E5-4EDC-8491-AC9DC8ECE5E5}.Debug|Any CPU.Build.0 = Debug|Any CPU
		{6CF9FBDB-81E5-4EDC-8491-AC9DC8ECE5E5}.Release|Any CPU.ActiveCfg = Release|Any CPU
		{6CF9FBDB-81E5-4EDC-8491-AC9DC8ECE5E5}.Release|Any CPU.Build.0 = Release|Any CPU
		{FDD20A64-BF26-42E8-94B9-6D7597B57C0B}.Debug|Any CPU.ActiveCfg = Debug|Any CPU
		{FDD20A64-BF26-42E8-94B9-6D7597B57C0B}.Debug|Any CPU.Build.0 = Debug|Any CPU
		{FDD20A64-BF26-42E8-94B9-6D7597B57C0B}.Release|Any CPU.ActiveCfg = Release|Any CPU
		{FDD20A64-BF26-42E8-94B9-6D7597B57C0B}.Release|Any CPU.Build.0 = Release|Any CPU
	EndGlobalSection
	GlobalSection(SolutionProperties) = preSolution
		HideSolutionNode = FALSE
	EndGlobalSection
	GlobalSection(NestedProjects) = preSolution
		{F0360AF0-F456-429A-BA1D-81DBAC6C1B89} = {FC07ECB5-431A-44EF-B02B-AD0CE527290C}
		{FEEE84C7-F17D-4882-8B0A-505240AB689E} = {FC07ECB5-431A-44EF-B02B-AD0CE527290C}
		{8A0D65A2-105D-4FA8-AF65-6F5000B89EAE} = {D9F243E0-18DD-48E2-9E4C-7097E484375D}
		{BF06B668-DCD2-412A-B860-3487A56D358D} = {FC07ECB5-431A-44EF-B02B-AD0CE527290C}
		{FBFD0A82-DE22-49A7-9C6F-7EE73ED16C7C} = {600C403F-FE4F-4DB2-9C7B-2319A81BBD12}
		{18E86640-BADD-45C4-8E69-695B801BFCBE} = {FBFD0A82-DE22-49A7-9C6F-7EE73ED16C7C}
		{B1BD1ED1-7F5B-46E7-9888-673322114895} = {FBFD0A82-DE22-49A7-9C6F-7EE73ED16C7C}
		{7A31BE28-E7FF-49F0-9E37-3BEDD022228D} = {600C403F-FE4F-4DB2-9C7B-2319A81BBD12}
		{0E77EF8D-7ACA-4F26-9191-00A175D5437D} = {7A31BE28-E7FF-49F0-9E37-3BEDD022228D}
		{C5B3C17E-DF22-4A14-A234-7B1275F68FE0} = {7A31BE28-E7FF-49F0-9E37-3BEDD022228D}
		{252031BD-DB93-49C4-A7DF-9024CB65A39B} = {7A31BE28-E7FF-49F0-9E37-3BEDD022228D}
		{B7868A81-EC80-41C0-9FBB-6C91DEE2D9FD} = {7A31BE28-E7FF-49F0-9E37-3BEDD022228D}
		{D69DD48B-5E3E-4361-A430-DA490732FE13} = {7A31BE28-E7FF-49F0-9E37-3BEDD022228D}
		{4119936D-1E44-49BF-A679-AEF937A8F260} = {7A31BE28-E7FF-49F0-9E37-3BEDD022228D}
		{E06B4EEC-C0B9-4671-95BA-287DBC910C53} = {7A31BE28-E7FF-49F0-9E37-3BEDD022228D}
		{BA6285D0-91E7-406A-A6FD-8658EE67A36B} = {600FE45D-B217-42BB-ADD5-F180B34DC93C}
		{6CF9FBDB-81E5-4EDC-8491-AC9DC8ECE5E5} = {600FE45D-B217-42BB-ADD5-F180B34DC93C}
		{FDD20A64-BF26-42E8-94B9-6D7597B57C0B} = {D9F243E0-18DD-48E2-9E4C-7097E484375D}
	EndGlobalSection
	GlobalSection(ExtensibilityGlobals) = postSolution
		SolutionGuid = {2970C039-CEAD-4C82-B7AA-70845579922C}
	EndGlobalSection
EndGlobal
